importers:
  .:
    specifiers: {}
  packages/rollup-plugin-glob-imports:
    dependencies:
      fast-glob: 3.2.4
      upath: 1.2.0
    devDependencies:
      rollup: 2.26.9
    specifiers:
      fast-glob: ^3.2.4
      rollup: ^2.26.9
      upath: ^1.2.0
  packages/rollup-plugin-markdown:
    dependencies:
      '@mapbox/rehype-prism': 0.5.0
      '@rollup/pluginutils': 3.1.0_rollup@2.26.9
      gray-matter: 4.0.2
      rehype-stringify: 8.0.0
      rehype-urls: 1.1.1
      remark-parse: 8.0.3
      remark-rehype: 7.0.0
      unified: 9.2.0
    devDependencies:
      rollup: 2.26.9
    specifiers:
      '@mapbox/rehype-prism': ^0.5.0
      '@rollup/pluginutils': ^3.1.0
      gray-matter: ^4.0.2
      rehype-stringify: ^8.0.0
      rehype-urls: ^1.1.1
      remark-parse: ^8.0.3
      remark-rehype: ^7.0.0
      rollup: ^2.26.9
      unified: ^9.2.0
  site:
    dependencies:
      compression: 1.7.4
      polka: 0.5.2
      sirv: 1.0.6
    devDependencies:
      '@minna-ui/preprocess': 0.36.0_svelte@3.24.1
      '@rollup/plugin-alias': 3.1.1_rollup@2.26.9
      '@rollup/plugin-commonjs': 14.0.0_rollup@2.26.9
      '@rollup/plugin-node-resolve': 8.4.0_rollup@2.26.9
      esbuild: 0.6.29
      rollup: 2.26.9
      rollup-plugin-esbuild: 2.5.0_esbuild@0.6.29+rollup@2.26.9
      rollup-plugin-glob-imports: 'link:../packages/rollup-plugin-glob-imports'
      rollup-plugin-markdown: 'link:../packages/rollup-plugin-markdown'
      rollup-plugin-svelte: 5.2.3_rollup@2.26.9+svelte@3.24.1
      rollup-plugin-terser: 7.0.1_rollup@2.26.9
      sapper: 0.28.3_svelte@3.24.1
      svelte: 3.24.1
    specifiers:
      '@minna-ui/preprocess': ^0.36.0
      '@rollup/plugin-alias': ^3.1.1
      '@rollup/plugin-commonjs': ^14.0.0
      '@rollup/plugin-node-resolve': ^8.4.0
      compression: ^1.7.4
      esbuild: ^0.6.29
      polka: ^0.5.2
      rollup: ^2.26.9
      rollup-plugin-esbuild: ^2.5.0
      rollup-plugin-glob-imports: 'workspace:^1.0.0'
      rollup-plugin-markdown: 'workspace:^1.0.0'
      rollup-plugin-svelte: ^5.2.3
      rollup-plugin-terser: ^7.0.1
      sapper: ^0.28.3
      sirv: ^1.0.6
      svelte: ^3.24.1
lockfileVersion: 5.1
packages:
  /@arr/every/1.0.1:
    dev: false
    engines:
      node: '>=4'
    resolution:
      integrity: sha512-UQFQ6SgyJ6LX42W8rHCs8KVc0JS0tzVL9ct4XYedJukskYVWTo49tNiMEK9C2HTyarbNiT/RVIRSY82vH+6sTg==
  /@babel/code-frame/7.10.4:
    dependencies:
      '@babel/highlight': 7.10.4
    dev: true
    resolution:
      integrity: sha512-vG6SvB6oYEhvgisZNFRmRCUkLz11c7rp+tbNTynGqc6mS1d5ATd/sGyV6W0KZZnXRKMTzZDRgQT3Ou9jhpAfUg==
  /@babel/helper-validator-identifier/7.10.4:
    dev: true
    resolution:
      integrity: sha512-3U9y+43hz7ZM+rzG24Qe2mufW5KhvFg/NhnNph+i9mgCtdTCtMJuI1TMkrIUiK7Ix4PYlRF9I5dhqaLYA/ADXw==
  /@babel/highlight/7.10.4:
    dependencies:
      '@babel/helper-validator-identifier': 7.10.4
      chalk: 2.4.2
      js-tokens: 4.0.0
    dev: true
    resolution:
      integrity: sha512-i6rgnR/YgPEQzZZnbTHHuZdlE8qyoBNalD6F+q4vAFlcMEcqmkoG+mPqJYJCo63qPf74+Y1UZsl3l6f7/RIkmA==
  /@mapbox/rehype-prism/0.5.0:
    dependencies:
      hast-util-to-string: 1.0.4
      refractor: 3.1.0
      unist-util-visit: 2.0.3
    dev: false
    engines:
      node: '>=10'
    resolution:
      integrity: sha512-sE5EetmSR6At7AU2s3N2rFUUqm8BpvxUcGcesgfTZgqF7bQoekqsKxLX8gunIDjZs34acZJ6fgPFHepEWnYKCQ==
  /@minna-ui/preprocess/0.36.0_svelte@3.24.1:
    dependencies:
      deepmerge: 4.2.2
      postcss-load-config: 2.1.0
      postcss-scss: 2.1.1
      svelte: 3.24.1
    dev: true
    peerDependencies:
      postcss: ^7.0.0
      svelte: ^3.0.0
    resolution:
      integrity: sha512-4JTxHmaggRnnaeouR32f8zIFgna1llBZRfazalEApSh5fUqZY33MHuwxuW/NkSUwZqH8hqCHLSsTO8s6HMDqug==
  /@nodelib/fs.scandir/2.1.3:
    dependencies:
      '@nodelib/fs.stat': 2.0.3
      run-parallel: 1.1.9
    dev: false
    engines:
      node: '>= 8'
    resolution:
      integrity: sha512-eGmwYQn3gxo4r7jdQnkrrN6bY478C3P+a/y72IJukF8LjB6ZHeB3c+Ehacj3sYeSmUXGlnA67/PmbM9CVwL7Dw==
  /@nodelib/fs.stat/2.0.3:
    dev: false
    engines:
      node: '>= 8'
    resolution:
      integrity: sha512-bQBFruR2TAwoevBEd/NWMoAAtNGzTRgdrqnYCc7dhzfoNvqPzLyqlEQnzZ3kVnNrSp25iyxE00/3h2fqGAGArA==
  /@nodelib/fs.walk/1.2.4:
    dependencies:
      '@nodelib/fs.scandir': 2.1.3
      fastq: 1.8.0
    dev: false
    engines:
      node: '>= 8'
    resolution:
      integrity: sha512-1V9XOY4rDW0rehzbrcqAmHnz8e7SKvX27gh8Gt2WgB0+pdzdiLV83p72kZPU+jvMbS1qU5mauP2iOvO8rhmurQ==
  /@polka/url/0.5.0:
    dev: false
    resolution:
      integrity: sha512-oZLYFEAzUKyi3SKnXvj32ZCEGH6RDnao7COuCVhDydMS9NrCSVXhM79VaKyP5+Zc33m0QXEd2DN3UkU7OsHcfw==
  /@polka/url/1.0.0-next.11:
    dev: false
    resolution:
      integrity: sha512-3NsZsJIA/22P3QUyrEDNA2D133H4j224twJrdipXN38dpnIOzAbUDtOwkcJ5pXmn75w7LSQDjA4tO9dm1XlqlA==
  /@rollup/plugin-alias/3.1.1_rollup@2.26.9:
    dependencies:
      rollup: 2.26.9
      slash: 3.0.0
    dev: true
    engines:
      node: '>=8.0.0'
    peerDependencies:
      rollup: ^1.20.0||^2.0.0
    resolution:
      integrity: sha512-hNcQY4bpBUIvxekd26DBPgF7BT4mKVNDF5tBG4Zi+3IgwLxGYRY0itHs9D0oLVwXM5pvJDWJlBQro+au8WaUWw==
  /@rollup/plugin-commonjs/14.0.0_rollup@2.26.9:
    dependencies:
      '@rollup/pluginutils': 3.1.0_rollup@2.26.9
      commondir: 1.0.1
      estree-walker: 1.0.1
      glob: 7.1.6
      is-reference: 1.2.1
      magic-string: 0.25.7
      resolve: 1.17.0
      rollup: 2.26.9
    dev: true
    engines:
      node: '>= 8.0.0'
    peerDependencies:
      rollup: ^2.3.4
    resolution:
      integrity: sha512-+PSmD9ePwTAeU106i9FRdc+Zb3XUWyW26mo5Atr2mk82hor8+nPwkztEjFo8/B1fJKfaQDg9aM2bzQkjhi7zOw==
  /@rollup/plugin-node-resolve/8.4.0_rollup@2.26.9:
    dependencies:
      '@rollup/pluginutils': 3.1.0_rollup@2.26.9
      '@types/resolve': 1.17.1
      builtin-modules: 3.1.0
      deep-freeze: 0.0.1
      deepmerge: 4.2.2
      is-module: 1.0.0
      resolve: 1.17.0
      rollup: 2.26.9
    dev: true
    engines:
      node: '>= 8.0.0'
    peerDependencies:
      rollup: ^1.20.0||^2.0.0
    resolution:
      integrity: sha512-LFqKdRLn0ShtQyf6SBYO69bGE1upV6wUhBX0vFOUnLAyzx5cwp8svA0eHUnu8+YU57XOkrMtfG63QOpQx25pHQ==
  /@rollup/pluginutils/3.1.0_rollup@2.26.9:
    dependencies:
      '@types/estree': 0.0.39
      estree-walker: 1.0.1
      picomatch: 2.2.2
      rollup: 2.26.9
    engines:
      node: '>= 8.0.0'
    peerDependencies:
      rollup: ^1.20.0||^2.0.0
    resolution:
      integrity: sha512-GksZ6pr6TpIjHm8h9lSQ8pi8BE9VeubNT0OMJ3B5uZJ8pz73NPiqOtCog/x2/QzM1ENChPKxMDhiQuRHsqc+lg==
  /@types/estree/0.0.39:
    resolution:
      integrity: sha512-EYNwp3bU+98cpU4lAWYYL7Zz+2gryWH1qbdDTidVd6hkiR6weksdbMadyXKXNPEkQFhXM+hVO9ZygomHXp+AIw==
  /@types/estree/0.0.45:
    dev: true
    resolution:
      integrity: sha512-jnqIUKDUqJbDIUxm0Uj7bnlMnRm1T/eZ9N+AVMqhPgzrba2GhGG5o/jCTwmdPK709nEZsGoMzXEDUjcXHa3W0g==
  /@types/mdast/3.0.3:
    dependencies:
      '@types/unist': 2.0.3
    dev: false
    resolution:
      integrity: sha512-SXPBMnFVQg1s00dlMCc/jCdvPqdE4mXaMMCeRlxLDmTAEoegHT53xKtkDnzDTOcmMHUfcjyf36/YYZ6SxRdnsw==
  /@types/node/14.6.3:
    dev: true
    resolution:
      integrity: sha512-pC/hkcREG6YfDfui1FBmj8e20jFU5Exjw4NYDm8kEdrW+mOh0T1Zve8DWKnS7ZIZvgncrctcNCXF4Q2I+loyww==
  /@types/resolve/1.17.1:
    dependencies:
      '@types/node': 14.6.3
    dev: true
    resolution:
      integrity: sha512-yy7HuzQhj0dhGpD8RLXSZWEkLsV9ibvxvi6EiJ3bkqLAO1RGo0WbkWQiwpRlSFymTJRz0d3k5LM3kkx8ArDbLw==
  /@types/unist/2.0.3:
    dev: false
    resolution:
      integrity: sha512-FvUupuM3rlRsRtCN+fDudtmytGO6iHJuuRKS1Ss0pG5z8oX0diNEw94UEL7hgDbpN94rgaK5R7sWm6RrSkZuAQ==
  /accepts/1.3.7:
    dependencies:
      mime-types: 2.1.27
      negotiator: 0.6.2
    dev: false
    engines:
      node: '>= 0.6'
    resolution:
      integrity: sha512-Il80Qs2WjYlJIBNzNkK6KYqlVMTbZLXgHx2oT0pU/fjRHyEp+PEfEPY0R3WCwAGVOtauxh1hOxNgIf5bv7dQpA==
  /ansi-styles/3.2.1:
    dependencies:
      color-convert: 1.9.3
    dev: true
    engines:
      node: '>=4'
    resolution:
      integrity: sha512-VT0ZI6kZRdTh8YyJw3SMbYm/u+NqfsAxEpWO0Pf9sq8/e94WxxOpPKx9FR1FlyCtOVDNOQ+8ntlqFxiRc+r5qA==
  /argparse/1.0.10:
    dependencies:
      sprintf-js: 1.0.3
    resolution:
      integrity: sha512-o5Roy6tNG4SL/FOkCAN6RzjiakZS25RLYFrcMttJqbdd8BWrnA+fGz57iN5Pb06pvBGvl5gQ0B48dJlslXvoTg==
  /bail/1.0.5:
    dev: false
    resolution:
      integrity: sha512-xFbRxM1tahm08yHBP16MMjVUAvDaBMD38zsM9EMAUN61omwLmKlOpB/Zku5QkjZ8TZ4vn53pj+t518cH0S03RQ==
  /balanced-match/1.0.0:
    dev: true
    resolution:
      integrity: sha1-ibTRmasr7kneFk6gK4nORi1xt2c=
  /brace-expansion/1.1.11:
    dependencies:
      balanced-match: 1.0.0
      concat-map: 0.0.1
    dev: true
    resolution:
      integrity: sha512-iCuPHDFgrHX7H2vEI/5xpz07zSHB00TpugqhmYtVmMO6518mCuRMoOYFldEBl0g187ufozdaHgWKcYFb61qGiA==
  /braces/3.0.2:
    dependencies:
      fill-range: 7.0.1
    dev: false
    engines:
      node: '>=8'
    resolution:
      integrity: sha512-b8um+L1RzM3WDSzvhm6gIz1yfTbBt6YTlcEKAvsmqCZZFw46z626lVj9j1yEPW33H5H+lBQpZMP1k8l+78Ha0A==
  /buffer-from/1.1.1:
    dev: true
    resolution:
      integrity: sha512-MQcXEUbCKtEo7bhqEs6560Hyd4XaovZlO/k9V3hjVUF/zwW7KBVdSK4gIt/bzwS9MbR5qob+F5jusZsb0YQK2A==
  /builtin-modules/3.1.0:
    dev: true
    engines:
      node: '>=6'
    resolution:
      integrity: sha512-k0KL0aWZuBt2lrxrcASWDfwOLMnodeQjodT/1SxEQAXsHANgo6ZC/VEaSEHCXt7aSTZ4/4H5LKa+tBXmW7Vtvw==
  /bytes/3.0.0:
    dev: false
    engines:
      node: '>= 0.8'
    resolution:
      integrity: sha1-0ygVQE1olpn4Wk6k+odV3ROpYEg=
  /caller-callsite/2.0.0:
    dependencies:
      callsites: 2.0.0
    dev: true
    engines:
      node: '>=4'
    resolution:
      integrity: sha1-hH4PzgoiN1CpoCfFSzNzGtMVQTQ=
  /caller-path/2.0.0:
    dependencies:
      caller-callsite: 2.0.0
    dev: true
    engines:
      node: '>=4'
    resolution:
      integrity: sha1-Ro+DBE42mrIBD6xfBs7uFbsssfQ=
  /callsites/2.0.0:
    dev: true
    engines:
      node: '>=4'
    resolution:
      integrity: sha1-BuuE8A7qQT2oav/vrL/7Ngk7PFA=
  /camel-case/3.0.0:
    dependencies:
      no-case: 2.3.2
      upper-case: 1.1.3
    dev: true
    resolution:
      integrity: sha1-yjw2iKTpzzpM2nd9xNy8cTJJz3M=
  /ccount/1.0.5:
    dev: false
    resolution:
      integrity: sha512-MOli1W+nfbPLlKEhInaxhRdp7KVLFxLN5ykwzHgLsLI3H3gs5jjFAK4Eoj3OzzcxCtumDaI8onoVDeQyWaNTkw==
  /chalk/2.4.2:
    dependencies:
      ansi-styles: 3.2.1
      escape-string-regexp: 1.0.5
      supports-color: 5.5.0
    dev: true
    engines:
      node: '>=4'
    resolution:
      integrity: sha512-Mti+f9lpJNcwF4tWV8/OrTTtF1gZi+f8FqlyAdouralcFWFQWF2+NgCHShjkCb+IFBLq9buZwE1xckQU4peSuQ==
  /character-entities-html4/1.1.4:
    dev: false
    resolution:
      integrity: sha512-HRcDxZuZqMx3/a+qrzxdBKBPUpxWEq9xw2OPZ3a/174ihfrQKVsFhqtthBInFy1zZ9GgZyFXOatNujm8M+El3g==
  /character-entities-legacy/1.1.4:
    dev: false
    resolution:
      integrity: sha512-3Xnr+7ZFS1uxeiUDvV02wQ+QDbc55o97tIV5zHScSPJpcLm/r0DFPcoY3tYRp+VZukxuMeKgXYmsXQHO05zQeA==
  /character-entities/1.2.4:
    dev: false
    resolution:
      integrity: sha512-iBMyeEHxfVnIakwOuDXpVkc54HijNgCyQB2w0VfGQThle6NXn50zU6V/u+LDhxHcDUPojn6Kpga3PTAD8W1bQw==
  /character-reference-invalid/1.1.4:
    dev: false
    resolution:
      integrity: sha512-mKKUkUbhPpQlCOfIuZkvSEgktjPFIsZKRRbC6KWVEMvlzblj3i3asQv5ODsrwt0N3pHAEvjP8KTQPHkp0+6jOg==
  /clean-css/4.2.3:
    dependencies:
      source-map: 0.6.1
    dev: true
    engines:
      node: '>= 4.0'
    resolution:
      integrity: sha512-VcMWDN54ZN/DS+g58HYL5/n4Zrqe8vHJpGA8KdgUXFU4fuP/aHNw8eld9SyEIyabIMJX/0RaY/fplOo5hYLSFA==
  /clipboard/2.0.6:
    dependencies:
      good-listener: 1.2.2
      select: 1.1.2
      tiny-emitter: 2.1.0
    dev: false
    optional: true
    resolution:
      integrity: sha512-g5zbiixBRk/wyKakSwCKd7vQXDjFnAMGHoEyBogG/bw9kTD9GvdAvaoRR1ALcEzt3pVKxZR0pViekPMIS0QyGg==
  /collapse-white-space/1.0.6:
    dev: false
    resolution:
      integrity: sha512-jEovNnrhMuqyCcjfEJA56v0Xq8SkIoPKDyaHahwo3POf4qcSXqMYuwNcOTzp74vTsR9Tn08z4MxWqAhcekogkQ==
  /color-convert/1.9.3:
    dependencies:
      color-name: 1.1.3
    dev: true
    resolution:
      integrity: sha512-QfAUtd+vFdAtFQcC8CCyYt1fYWxSqAiK2cSD6zDB8N3cpsEBAvRxp9zOGg6G/SHHJYAT88/az/IuDGALsNVbGg==
  /color-name/1.1.3:
    dev: true
    resolution:
      integrity: sha1-p9BVi9icQveV3UIyj3QIMcpTvCU=
  /comma-separated-tokens/1.0.8:
    dev: false
    resolution:
      integrity: sha512-GHuDRO12Sypu2cV70d1dkA2EUmXHgntrzbpvOB+Qy+49ypNfGgFQIC2fhhXbnyrJRynDCAARsT7Ou0M6hirpfw==
  /commander/2.20.3:
    dev: true
    resolution:
      integrity: sha512-GpVkmM8vF2vQUkj2LvZmD35JxeJOLCwJ9cUkugyk2nuhbv3+mJvpLYYt+0+USMxE+oj+ey/lJEnhZw75x/OMcQ==
  /commondir/1.0.1:
    dev: true
    resolution:
      integrity: sha1-3dgA2gxmEnOTzKWVDqloo6rxJTs=
  /compressible/2.0.18:
    dependencies:
      mime-db: 1.44.0
    dev: false
    engines:
      node: '>= 0.6'
    resolution:
      integrity: sha512-AF3r7P5dWxL8MxyITRMlORQNaOA2IkAFaTr4k7BUumjPtRpGDTZpl0Pb1XCO6JeDCBdp126Cgs9sMxqSjgYyRg==
  /compression/1.7.4:
    dependencies:
      accepts: 1.3.7
      bytes: 3.0.0
      compressible: 2.0.18
      debug: 2.6.9
      on-headers: 1.0.2
      safe-buffer: 5.1.2
      vary: 1.1.2
    dev: false
    engines:
      node: '>= 0.8.0'
    resolution:
      integrity: sha512-jaSIDzP9pZVS4ZfQ+TzvtiWhdpFhE2RDHz8QJkpX9SIpLq88VueF5jJw6t+6CUQcAoA6t+x89MLrWAqpfDE8iQ==
  /concat-map/0.0.1:
    dev: true
    resolution:
      integrity: sha1-2Klr13/Wjfd5OnMDajug1UBdR3s=
  /cosmiconfig/5.2.1:
    dependencies:
      import-fresh: 2.0.0
      is-directory: 0.3.1
      js-yaml: 3.14.0
      parse-json: 4.0.0
    dev: true
    engines:
      node: '>=4'
    resolution:
      integrity: sha512-H65gsXo1SKjf8zmrJ67eJk8aIRKV5ff2D4uKZIBZShbhGSpEmsQOPW/SKMKYhSTrqR7ufy6RP69rPogdaPh/kA==
  /debug/2.6.9:
    dependencies:
      ms: 2.0.0
    dev: false
    resolution:
      integrity: sha512-bC7ElrdJaJnPbAP+1EotYvqZsb3ecl5wi6Bfi6BJTUcNowp6cvspg0jXznRTKDjm/E7AdgFBVeAPVMNcKGsHMA==
  /deep-freeze/0.0.1:
    dev: true
    resolution:
      integrity: sha1-OgsABd4YZygZ39OM0x+RF5yJPoQ=
  /deepmerge/4.2.2:
    dev: true
    engines:
      node: '>=0.10.0'
    resolution:
      integrity: sha512-FJ3UgI4gIl+PHZm53knsuSFpE+nESMr7M4v9QcgB7S63Kj/6WqMiFQJpBBYz1Pt+66bZpP3Q7Lye0Oo9MPKEdg==
  /delegate/3.2.0:
    dev: false
    optional: true
    resolution:
      integrity: sha512-IofjkYBZaZivn0V8nnsMJGBr4jVLxHDheKSW88PyxS5QC4Vo9ZbZVvhzlSxY87fVq3STR6r+4cGepyHkcWOQSw==
  /error-ex/1.3.2:
    dependencies:
      is-arrayish: 0.2.1
    dev: true
    resolution:
      integrity: sha512-7dFHNmqeFSEt2ZBsCriorKnn3Z2pj+fd9kmI6QoWw4//DL+icEBfc0U7qJCisqrTsKTjw4fNFy2pW9OqStD84g==
  /esbuild/0.6.29:
    dev: true
    hasBin: true
    requiresBuild: true
    resolution:
      integrity: sha512-8TxATTw5TH97DprPyrwuUe+FBmyFrBvjLSSxgY/DmVAwH7YnuCuCp8+1aqSCo6eLxnK5aSb6aEu6FJXFRTB8Wg==
  /escape-string-regexp/1.0.5:
    dev: true
    engines:
      node: '>=0.8.0'
    resolution:
      integrity: sha1-G2HAViGQqN/2rjuyzwIAyhMLhtQ=
  /esprima/4.0.1:
    engines:
      node: '>=4'
    hasBin: true
    resolution:
      integrity: sha512-eGuFFw7Upda+g4p+QHvnW0RyTX/SVeJBDM/gCtMARO0cLuT2HcEKnTPvhjV6aGeqrCB/sbNop0Kszm0jsaWU4A==
  /estree-walker/0.6.1:
    dev: true
    resolution:
      integrity: sha512-SqmZANLWS0mnatqbSfRP5g8OXZC12Fgg1IwNtLsyHDzJizORW4khDfjPqJZsemPWBB2uqykUah5YpQ6epsqC/w==
  /estree-walker/1.0.1:
    resolution:
      integrity: sha512-1fMXF3YP4pZZVozF8j/ZLfvnR8NSIljt56UhbZ5PeeDmmGHpgpdwQt7ITlGvYaQukCvuBRMLEiKiYC+oeIg4cg==
  /extend-shallow/2.0.1:
    dependencies:
      is-extendable: 0.1.1
    dev: false
    engines:
      node: '>=0.10.0'
    resolution:
      integrity: sha1-Ua99YUrZqfYQ6huvu5idaxxWiQ8=
  /extend/3.0.2:
    dev: false
    resolution:
      integrity: sha512-fjquC59cD7CyW6urNXK0FBufkZcoiGG80wTuPujX590cB5Ttln20E2UB4S/WARVqhXffZl2LNgS+gQdPIIim/g==
  /fast-glob/3.2.4:
    dependencies:
      '@nodelib/fs.stat': 2.0.3
      '@nodelib/fs.walk': 1.2.4
      glob-parent: 5.1.1
      merge2: 1.4.1
      micromatch: 4.0.2
      picomatch: 2.2.2
    dev: false
    engines:
      node: '>=8'
    resolution:
      integrity: sha512-kr/Oo6PX51265qeuCYsyGypiO5uJFgBS0jksyG7FUeCyQzNwYnzrNIMR1NXfkZXsMYXYLRAHgISHBz8gQcxKHQ==
  /fastq/1.8.0:
    dependencies:
      reusify: 1.0.4
    dev: false
    resolution:
      integrity: sha512-SMIZoZdLh/fgofivvIkmknUXyPnvxRE3DhtZ5Me3Mrsk5gyPL42F0xr51TdRXskBxHfMp+07bcYzfsYEsSQA9Q==
  /fill-range/7.0.1:
    dependencies:
      to-regex-range: 5.0.1
    dev: false
    engines:
      node: '>=8'
    resolution:
      integrity: sha512-qOo9F+dMUmC2Lcb4BbVvnKJxTPjCm+RRpe4gDuGrzkL7mEVl/djYSu2OdQ2Pa302N4oqkSg9ir6jaLWJ2USVpQ==
  /fs.realpath/1.0.0:
    dev: true
    resolution:
      integrity: sha1-FQStJSMVjKpA20onh8sBQRmU6k8=
  /fsevents/2.1.3:
    dev: true
    engines:
      node: ^8.16.0 || ^10.6.0 || >=11.0.0
    optional: true
    os:
      - darwin
    resolution:
      integrity: sha512-Auw9a4AxqWpa9GUfj370BMPzzyncfBABW8Mab7BGWBYDj4Isgq+cDKtx0i6u9jcX9pQDnswsaaOTgTmA5pEjuQ==
  /glob-parent/5.1.1:
    dependencies:
      is-glob: 4.0.1
    dev: false
    engines:
      node: '>= 6'
    resolution:
      integrity: sha512-FnI+VGOpnlGHWZxthPGR+QhR78fuiK0sNLkHQv+bL9fQi57lNNdquIbna/WrfROrolq8GK5Ek6BiMwqL/voRYQ==
  /glob/7.1.6:
    dependencies:
      fs.realpath: 1.0.0
      inflight: 1.0.6
      inherits: 2.0.4
      minimatch: 3.0.4
      once: 1.4.0
      path-is-absolute: 1.0.1
    dev: true
    resolution:
      integrity: sha512-LwaxwyZ72Lk7vZINtNNrywX0ZuLyStrdDtabefZKAY5ZGJhVtgdznluResxNmPitE0SAO+O26sWTHeKSI2wMBA==
  /good-listener/1.2.2:
    dependencies:
      delegate: 3.2.0
    dev: false
    optional: true
    resolution:
      integrity: sha1-1TswzfkxPf+33JoNR3CWqm0UXFA=
  /gray-matter/4.0.2:
    dependencies:
      js-yaml: 3.14.0
      kind-of: 6.0.3
      section-matter: 1.0.0
      strip-bom-string: 1.0.0
    dev: false
    engines:
      node: '>=6.0'
    resolution:
      integrity: sha512-7hB/+LxrOjq/dd8APlK0r24uL/67w7SkYnfwhNFwg/VDIGWGmduTDYf3WNstLW2fbbmRwrDGCVSJ2isuf2+4Hw==
  /has-flag/3.0.0:
    dev: true
    engines:
      node: '>=4'
    resolution:
      integrity: sha1-tdRU3CGZriJWmfNGfloH87lVuv0=
  /has-flag/4.0.0:
    dev: true
    engines:
      node: '>=8'
    resolution:
      integrity: sha512-EykJT/Q1KjTWctppgIAgfSO0tKVuZUjhgMr17kqTumMl6Afv3EISleU7qZUzoXDFTAHTDC4NOoG/ZxU3EvlMPQ==
  /hast-util-has-property/1.0.4:
    dev: false
    resolution:
      integrity: sha512-ghHup2voGfgFoHMGnaLHOjbYFACKrRh9KFttdCzMCbFoBMJXiNi2+XTrPP8+q6cDJM/RSqlCfVWrjp1H201rZg==
  /hast-util-is-element/1.1.0:
    dev: false
    resolution:
      integrity: sha512-oUmNua0bFbdrD/ELDSSEadRVtWZOf3iF6Lbv81naqsIV99RnSCieTbWuWCY8BAeEfKJTKl0gRdokv+dELutHGQ==
  /hast-util-parse-selector/2.2.4:
    dev: false
    resolution:
      integrity: sha512-gW3sxfynIvZApL4L07wryYF4+C9VvH3AUi7LAnVXV4MneGEgwOByXvFo18BgmTWnm7oHAe874jKbIB1YhHSIzA==
  /hast-util-to-html/7.1.1:
    dependencies:
      ccount: 1.0.5
      comma-separated-tokens: 1.0.8
      hast-util-is-element: 1.1.0
      hast-util-whitespace: 1.0.4
      html-void-elements: 1.0.5
      property-information: 5.5.0
      space-separated-tokens: 1.1.5
      stringify-entities: 3.0.1
      unist-util-is: 4.0.2
      xtend: 4.0.2
    dev: false
    resolution:
      integrity: sha512-Ujqj0hGuo3dIQKilkbauAv5teOqPvhaSLEgs1lgApFT0812e114KiffV8XfE4ttR8dRPqxNOIJOMu6SKOVOGlg==
  /hast-util-to-string/1.0.4:
    dev: false
    resolution:
      integrity: sha512-eK0MxRX47AV2eZ+Lyr18DCpQgodvaS3fAQO2+b9Two9F5HEoRPhiUMNzoXArMJfZi2yieFzUBMRl3HNJ3Jus3w==
  /hast-util-whitespace/1.0.4:
    dev: false
    resolution:
      integrity: sha512-I5GTdSfhYfAPNztx2xJRQpG8cuDSNt599/7YUn7Gx/WxNMsG+a835k97TDkFgk123cwjfwINaZknkKkphx/f2A==
  /hastscript/5.1.2:
    dependencies:
      comma-separated-tokens: 1.0.8
      hast-util-parse-selector: 2.2.4
      property-information: 5.5.0
      space-separated-tokens: 1.1.5
    dev: false
    resolution:
      integrity: sha512-WlztFuK+Lrvi3EggsqOkQ52rKbxkXL3RwB6t5lwoa8QLMemoWfBuL43eDrwOamJyR7uKQKdmKYaBH1NZBiIRrQ==
  /he/1.2.0:
    dev: true
    hasBin: true
    resolution:
      integrity: sha512-F/1DnUGPopORZi0ni+CvrCgHQ5FyEAHRLSApuYWMmrbSwoN2Mn/7k+Gl38gJnR7yyDZk6WLXwiGod1JOWNDKGw==
  /html-minifier/4.0.0:
    dependencies:
      camel-case: 3.0.0
      clean-css: 4.2.3
      commander: 2.20.3
      he: 1.2.0
      param-case: 2.1.1
      relateurl: 0.2.7
      uglify-js: 3.10.3
    dev: true
    engines:
      node: '>=6'
    hasBin: true
    resolution:
      integrity: sha512-aoGxanpFPLg7MkIl/DDFYtb0iWz7jMFGqFhvEDZga6/4QTjneiD8I/NXL1x5aaoCp7FSIT6h/OhykDdPsbtMig==
  /html-void-elements/1.0.5:
    dev: false
    resolution:
      integrity: sha512-uE/TxKuyNIcx44cIWnjr/rfIATDH7ZaOMmstu0CwhFG1Dunhlp4OC6/NMbhiwoq5BpW0ubi303qnEk/PZj614w==
  /http-link-header/1.0.2:
    dev: true
    engines:
      node: '>=4.0.0'
    resolution:
      integrity: sha512-z6YOZ8ZEnejkcCWlGZzYXNa6i+ZaTfiTg3WhlV/YvnNya3W/RbX1bMVUMTuCrg/DrtTCQxaFCkXCz4FtLpcebg==
  /import-cwd/2.1.0:
    dependencies:
      import-from: 2.1.0
    dev: true
    engines:
      node: '>=4'
    resolution:
      integrity: sha1-qmzzbnInYShcs3HsZRn1PiQ1sKk=
  /import-fresh/2.0.0:
    dependencies:
      caller-path: 2.0.0
      resolve-from: 3.0.0
    dev: true
    engines:
      node: '>=4'
    resolution:
      integrity: sha1-2BNVwVYS04bGH53dOSLUMEgipUY=
  /import-from/2.1.0:
    dependencies:
      resolve-from: 3.0.0
    dev: true
    engines:
      node: '>=4'
    resolution:
      integrity: sha1-M1238qev/VOqpHHUuAId7ja387E=
  /inflight/1.0.6:
    dependencies:
      once: 1.4.0
      wrappy: 1.0.2
    dev: true
    resolution:
      integrity: sha1-Sb1jMdfQLQwJvJEKEHW6gWW1bfk=
  /inherits/2.0.4:
    resolution:
      integrity: sha512-k/vGaX4/Yla3WzyMCvTQOXYeIHvqOKtnqBduzTHpzpQZzAskKMhZ2K+EnBiSM9zGSoIFeMpXKxa4dYeZIQqewQ==
  /is-alphabetical/1.0.4:
    dev: false
    resolution:
      integrity: sha512-DwzsA04LQ10FHTZuL0/grVDk4rFoVH1pjAToYwBrHSxcrBIGQuXrQMtD5U1b0U2XVgKZCTLLP8u2Qxqhy3l2Vg==
  /is-alphanumerical/1.0.4:
    dependencies:
      is-alphabetical: 1.0.4
      is-decimal: 1.0.4
    dev: false
    resolution:
      integrity: sha512-UzoZUr+XfVz3t3v4KyGEniVL9BDRoQtY7tOyrRybkVNjDFWyo1yhXNGrrBTQxp3ib9BLAWs7k2YKBQsFRkZG9A==
  /is-arrayish/0.2.1:
    dev: true
    resolution:
      integrity: sha1-d8mYQFJ6qOyxqLppe4BkWnqSap0=
  /is-arrayish/0.3.2:
    dev: false
    resolution:
      integrity: sha512-eVRqCvVlZbuw3GrM63ovNSNAeA1K16kaR/LRY/92w0zxQ5/1YzwblUX652i4Xs9RwAGjW9d9y6X88t8OaAJfWQ==
  /is-buffer/2.0.4:
    dev: false
    engines:
      node: '>=4'
    resolution:
      integrity: sha512-Kq1rokWXOPXWuaMAqZiJW4XxsmD9zGx9q4aePabbn3qCRGedtH7Cm+zV8WETitMfu1wdh+Rvd6w5egwSngUX2A==
  /is-decimal/1.0.4:
    dev: false
    resolution:
      integrity: sha512-RGdriMmQQvZ2aqaQq3awNA6dCGtKpiDFcOzrTWrDAT2MiWrKQVPmxLGHl7Y2nNu6led0kEyoX0enY0qXYsv9zw==
  /is-directory/0.3.1:
    dev: true
    engines:
      node: '>=0.10.0'
    resolution:
      integrity: sha1-YTObbyR1/Hcv2cnYP1yFddwVSuE=
  /is-extendable/0.1.1:
    dev: false
    engines:
      node: '>=0.10.0'
    resolution:
      integrity: sha1-YrEQ4omkcUGOPsNqYX1HLjAd/Ik=
  /is-extglob/2.1.1:
    dev: false
    engines:
      node: '>=0.10.0'
    resolution:
      integrity: sha1-qIwCU1eR8C7TfHahueqXc8gz+MI=
  /is-glob/4.0.1:
    dependencies:
      is-extglob: 2.1.1
    dev: false
    engines:
      node: '>=0.10.0'
    resolution:
      integrity: sha512-5G0tKtBTFImOqDnLB2hG6Bp2qcKEFduo4tZu9MT/H6NQv/ghhy30o55ufafxJ/LdH79LLs2Kfrn85TLKyA7BUg==
  /is-hexadecimal/1.0.4:
    dev: false
    resolution:
      integrity: sha512-gyPJuv83bHMpocVYoqof5VDiZveEoGoFL8m3BXNb2VW8Xs+rz9kqO8LOQ5DH6EsuvilT1ApazU0pyl+ytbPtlw==
  /is-module/1.0.0:
    dev: true
    resolution:
      integrity: sha1-Mlj7afeMFNW4FdZkM2tM/7ZEFZE=
  /is-number/7.0.0:
    dev: false
    engines:
      node: '>=0.12.0'
    resolution:
      integrity: sha512-41Cifkg6e8TylSpdtTpeLVMqvSBEVzTttHvERD741+pnZ8ANv0004MRL43QKPDlK9cGvNp6NZWZUBlbGXYxxng==
  /is-plain-obj/2.1.0:
    dev: false
    engines:
      node: '>=8'
    resolution:
      integrity: sha512-YWnfyRwxL/+SsrWYfOpUtz5b3YD+nyfkHvjbcanzk8zgyO4ASD67uVMRt8k5bM4lLMDnXfriRhOpemw+NfT1eA==
  /is-reference/1.2.1:
    dependencies:
      '@types/estree': 0.0.45
    dev: true
    resolution:
      integrity: sha512-U82MsXXiFIrjCK4otLT+o2NA2Cd2g5MLoOVXUZjIOhLurrRxpEXzI8O0KZHr3IjLvlAH1kTPYSuqer5T9ZVBKQ==
  /is-whitespace-character/1.0.4:
    dev: false
    resolution:
      integrity: sha512-SDweEzfIZM0SJV0EUga669UTKlmL0Pq8Lno0QDQsPnvECB3IM2aP0gdx5TrU0A01MAPfViaZiI2V1QMZLaKK5w==
  /is-word-character/1.0.4:
    dev: false
    resolution:
      integrity: sha512-5SMO8RVennx3nZrqtKwCGyyetPE9VDba5ugvKLaD4KopPG5kR4mQ7tNt/r7feL5yt5h3lpuBbIUmCOG2eSzXHA==
  /jest-worker/26.3.0:
    dependencies:
      '@types/node': 14.6.3
      merge-stream: 2.0.0
      supports-color: 7.2.0
    dev: true
    engines:
      node: '>= 10.13.0'
    resolution:
      integrity: sha512-Vmpn2F6IASefL+DVBhPzI2J9/GJUsqzomdeN+P+dK8/jKxbh8R3BtFnx3FIta7wYlPU62cpJMJQo4kuOowcMnw==
  /joycon/2.2.5:
    dev: true
    engines:
      node: '>=6'
    resolution:
      integrity: sha512-YqvUxoOcVPnCp0VU1/56f+iKSdvIRJYPznH22BdXV3xMk75SFXhWeJkZ8C9XxUWt1b5x2X1SxuFygW1U0FmkEQ==
  /js-tokens/4.0.0:
    dev: true
    resolution:
      integrity: sha512-RdJUflcE3cUzKiMqQgsCu06FPu9UdIJO0beYbPhHN4k6apgJtifcoCtT9bcxOpYBtpD2kCM6Sbzg4CausW/PKQ==
  /js-yaml/3.14.0:
    dependencies:
      argparse: 1.0.10
      esprima: 4.0.1
    hasBin: true
    resolution:
      integrity: sha512-/4IbIeHcD9VMHFqDR/gQ7EdZdLimOvW2DdcxFjdyyZ9NsbS+ccrXqVWDtab/lRl5AlUqmpBx8EhPaWR+OtY17A==
  /json-parse-better-errors/1.0.2:
    dev: true
    resolution:
      integrity: sha512-mrqyZKfX5EhL7hvqcV6WG1yYjnjeuYDzDhhcAAUrq8Po85NBQBJP+ZDUT75qZQ98IkUoBqdkExkukOU7Ts2wrw==
  /kind-of/6.0.3:
    dev: false
    engines:
      node: '>=0.10.0'
    resolution:
      integrity: sha512-dcS1ul+9tmeD95T+x28/ehLgd9mENa3LsvDTtzm3vyBEO7RPptvAD+t44WVXaUjTBRcrpFeFlC8WCruUR456hw==
  /lower-case/1.1.4:
    dev: true
    resolution:
      integrity: sha1-miyr0bno4K6ZOkv31YdcOcQujqw=
  /magic-string/0.25.7:
    dependencies:
      sourcemap-codec: 1.4.8
    dev: true
    resolution:
      integrity: sha512-4CrMT5DOHTDk4HYDlzmwu4FVCcIYI8gauveasrdCu2IKIFOJ3f0v/8MDGJCDL9oD2ppz/Av1b0Nj345H9M+XIA==
  /markdown-escapes/1.0.4:
    dev: false
    resolution:
      integrity: sha512-8z4efJYk43E0upd0NbVXwgSTQs6cT3T06etieCMEg7dRbzCbxUCK/GHlX8mhHRDcp+OLlHkPKsvqQTCvsRl2cg==
  /matchit/1.0.8:
    dependencies:
      '@arr/every': 1.0.1
    dev: false
    engines:
      node: '>=6'
    resolution:
      integrity: sha512-CwPPICzozd/ezCzpVwGYG5bMVieaapnA0vvHDQnmQ2u2vZtVLynoPmvFsZjL67hFOvTBhhpqSR0bq3uloDP/Rw==
  /mdast-util-definitions/3.0.1:
    dependencies:
      unist-util-visit: 2.0.3
    dev: false
    resolution:
      integrity: sha512-BAv2iUm/e6IK/b2/t+Fx69EL/AGcq/IG2S+HxHjDJGfLJtd6i9SZUS76aC9cig+IEucsqxKTR0ot3m933R3iuA==
  /mdast-util-to-hast/9.1.1:
    dependencies:
      '@types/mdast': 3.0.3
      '@types/unist': 2.0.3
      mdast-util-definitions: 3.0.1
      mdurl: 1.0.1
      unist-builder: 2.0.3
      unist-util-generated: 1.1.5
      unist-util-position: 3.1.0
      unist-util-visit: 2.0.3
    dev: false
    resolution:
      integrity: sha512-vpMWKFKM2mnle+YbNgDXxx95vv0CoLU0v/l3F5oFAG5DV7qwkZVWA206LsAdOnEVyf5vQcLnb3cWJywu7mUxsQ==
  /mdurl/1.0.1:
    dev: false
    resolution:
      integrity: sha1-/oWy7HWlkDfyrf7BAP1sYBdhFS4=
  /merge-stream/2.0.0:
    dev: true
    resolution:
      integrity: sha512-abv/qOcuPfk3URPfDzmZU1LKmuw8kT+0nIHvKrKgFrwifol/doWcdA4ZqsWQ8ENrFKkd67Mfpo/LovbIUsbt3w==
  /merge2/1.4.1:
    dev: false
    engines:
      node: '>= 8'
    resolution:
      integrity: sha512-8q7VEgMJW4J8tcfVPy8g09NcQwZdbwFEqhe/WZkoIzjn/3TGDwtOCYtXGxA3O8tPzpczCCDgv+P2P5y00ZJOOg==
  /micromatch/4.0.2:
    dependencies:
      braces: 3.0.2
      picomatch: 2.2.2
    dev: false
    engines:
      node: '>=8'
    resolution:
      integrity: sha512-y7FpHSbMUMoyPbYUSzO6PaZ6FyRnQOpHuKwbo1G+Knck95XVU4QAiKdGEnj5wwoS7PlOgthX/09u5iFJ+aYf5Q==
  /mime-db/1.44.0:
    dev: false
    engines:
      node: '>= 0.6'
    resolution:
      integrity: sha512-/NOTfLrsPBVeH7YtFPgsVWveuL+4SjjYxaQ1xtM1KMFj7HdxlBlxeyNLzhyJVx7r4rZGJAZ/6lkKCitSc/Nmpg==
  /mime-types/2.1.27:
    dependencies:
      mime-db: 1.44.0
    dev: false
    engines:
      node: '>= 0.6'
    resolution:
      integrity: sha512-JIhqnCasI9yD+SsmkquHBxTSEuZdQX5BuQnS2Vc7puQQQ+8yiP5AY5uWhpdv4YL4VM5c6iliiYWPgJ/nJQLp7w==
  /mime/2.4.6:
    dev: false
    engines:
      node: '>=4.0.0'
    hasBin: true
    resolution:
      integrity: sha512-RZKhC3EmpBchfTGBVb8fb+RL2cWyw/32lshnsETttkBAyAUXSGHxbEJWWRXc751DrIxG1q04b8QwMbAwkRPpUA==
  /minimatch/3.0.4:
    dependencies:
      brace-expansion: 1.1.11
    dev: true
    resolution:
      integrity: sha512-yJHVQEhyqPLUTgt9B83PXu6W3rx4MvvHvSUvToogpwoGDOUQ+yDrR0HRot+yOCdCO7u4hX3pWft6kWBBcqh0UA==
  /ms/2.0.0:
    dev: false
    resolution:
      integrity: sha1-VgiurfwAvmwpAd9fmGF4jeDVl8g=
  /negotiator/0.6.2:
    dev: false
    engines:
      node: '>= 0.6'
    resolution:
      integrity: sha512-hZXc7K2e+PgeI1eDBe/10Ard4ekbfrrqG8Ep+8Jmf4JID2bNg7NvCPOZN+kfF574pFQI7mum2AUqDidoKqcTOw==
  /no-case/2.3.2:
    dependencies:
      lower-case: 1.1.4
    dev: true
    resolution:
      integrity: sha512-rmTZ9kz+f3rCvK2TD1Ue/oZlns7OGoIWP4fc3llxxRXlOkHKoWPPWJOfFYpITabSow43QJbRIoHQXtt10VldyQ==
  /on-headers/1.0.2:
    dev: false
    engines:
      node: '>= 0.8'
    resolution:
      integrity: sha512-pZAE+FJLoyITytdqK0U5s+FIpjN0JP3OzFi/u8Rx+EV5/W+JTWGXG8xFzevE7AjBfDqHv/8vL8qQsIhHnqRkrA==
  /once/1.4.0:
    dependencies:
      wrappy: 1.0.2
    dev: true
    resolution:
      integrity: sha1-WDsap3WWHUsROsF9nFC6753Xa9E=
  /param-case/2.1.1:
    dependencies:
      no-case: 2.3.2
    dev: true
    resolution:
      integrity: sha1-35T9jPZTHs915r75oIWPvHK+Ikc=
  /parse-entities/2.0.0:
    dependencies:
      character-entities: 1.2.4
      character-entities-legacy: 1.1.4
      character-reference-invalid: 1.1.4
      is-alphanumerical: 1.0.4
      is-decimal: 1.0.4
      is-hexadecimal: 1.0.4
    dev: false
    resolution:
      integrity: sha512-kkywGpCcRYhqQIchaWqZ875wzpS/bMKhz5HnN3p7wveJTkTtyAB/AlnS0f8DFSqYW1T82t6yEAkEcB+A1I3MbQ==
  /parse-json/4.0.0:
    dependencies:
      error-ex: 1.3.2
      json-parse-better-errors: 1.0.2
    dev: true
    engines:
      node: '>=4'
    resolution:
      integrity: sha1-vjX1Qlvh9/bHRxhPmKeIy5lHfuA=
  /path-is-absolute/1.0.1:
    dev: true
    engines:
      node: '>=0.10.0'
    resolution:
      integrity: sha1-F0uSaHNVNP+8es5r9TpanhtcX18=
  /path-parse/1.0.6:
    dev: true
    resolution:
      integrity: sha512-GSmOT2EbHrINBf9SR7CDELwlJ8AENk3Qn7OikK4nFYAu3Ote2+JYNVvkpAEQm3/TLNEJFD/xZJjzyxg3KBWOzw==
  /picomatch/2.2.2:
    engines:
      node: '>=8.6'
    resolution:
      integrity: sha512-q0M/9eZHzmr0AulXyPwNfZjtwZ/RBZlbN3K3CErVrk50T2ASYI7Bye0EvekFY3IP1Nt2DHu0re+V2ZHIpMkuWg==
  /polka/0.5.2:
    dependencies:
      '@polka/url': 0.5.0
      trouter: 2.0.1
    dev: false
    resolution:
      integrity: sha512-FVg3vDmCqP80tOrs+OeNlgXYmFppTXdjD5E7I4ET1NjvtNmQrb1/mJibybKkb/d4NA7YWAr1ojxuhpL3FHqdlw==
  /postcss-load-config/2.1.0:
    dependencies:
      cosmiconfig: 5.2.1
      import-cwd: 2.1.0
    dev: true
    engines:
      node: '>= 4'
    resolution:
      integrity: sha512-4pV3JJVPLd5+RueiVVB+gFOAa7GWc25XQcMp86Zexzke69mKf6Nx9LRcQywdz7yZI9n1udOxmLuAwTBypypF8Q==
  /postcss-scss/2.1.1:
    dependencies:
      postcss: 7.0.32
    dev: true
    engines:
      node: '>=6.0.0'
    resolution:
      integrity: sha512-jQmGnj0hSGLd9RscFw9LyuSVAa5Bl1/KBPqG1NQw9w8ND55nY4ZEsdlVuYJvLPpV+y0nwTV5v/4rHPzZRihQbA==
  /postcss/7.0.32:
    dependencies:
      chalk: 2.4.2
      source-map: 0.6.1
      supports-color: 6.1.0
    dev: true
    engines:
      node: '>=6.0.0'
    resolution:
      integrity: sha512-03eXong5NLnNCD05xscnGKGDZ98CyzoqPSMjOe6SuoQY7Z2hIj0Ld1g/O/UQRuOle2aRtiIRDg9tDcTGAkLfKw==
  /prismjs/1.21.0:
    dev: false
    optionalDependencies:
      clipboard: 2.0.6
    resolution:
      integrity: sha512-uGdSIu1nk3kej2iZsLyDoJ7e9bnPzIgY0naW/HdknGj61zScaprVEVGHrPoXqI+M9sP0NDnTK2jpkvmldpuqDw==
  /property-information/5.5.0:
    dependencies:
      xtend: 4.0.2
    dev: false
    resolution:
      integrity: sha512-RgEbCx2HLa1chNgvChcx+rrCWD0ctBmGSE0M7lVm1yyv4UbvbrWoXp/BkVLZefzjrRBGW8/Js6uh/BnlHXFyjA==
  /randombytes/2.1.0:
    dependencies:
      safe-buffer: 5.2.1
    dev: true
    resolution:
      integrity: sha512-vYl3iOX+4CKUWuxGi9Ukhie6fsqXqS9FE2Zaic4tNFD2N2QQaXOMFbuKK4QmDHC0JO6B1Zp41J0LpT0oR68amQ==
  /refractor/3.1.0:
    dependencies:
      hastscript: 5.1.2
      parse-entities: 2.0.0
      prismjs: 1.21.0
    dev: false
    resolution:
      integrity: sha512-bN8GvY6hpeXfC4SzWmYNQGLLF2ZakRDNBkgCL0vvl5hnpMrnyURk8Mv61v6pzn4/RBHzSWLp44SzMmVHqMGNww==
  /rehype-stringify/8.0.0:
    dependencies:
      hast-util-to-html: 7.1.1
    dev: false
    resolution:
      integrity: sha512-VkIs18G0pj2xklyllrPSvdShAV36Ff3yE5PUO9u36f6+2qJFnn22Z5gKwBOwgXviux4UC7K+/j13AnZfPICi/g==
  /rehype-urls/1.1.1:
    dependencies:
      hast-util-has-property: 1.0.4
      stdopt: 2.2.0
      unist-util-visit: 1.4.1
    dev: false
    resolution:
      integrity: sha512-ct9Kb/nAL6oe/O5fDc0xjiqm8Z9xgXdorOdDhZAWx7awucyiuYXU7Dax+23Gu24nnGwtdaCW6zslKAYzlEW1lw==
  /relateurl/0.2.7:
    dev: true
    engines:
      node: '>= 0.10'
    resolution:
      integrity: sha1-VNvzd+UUQKypCkzSdGANP/LYiKk=
  /remark-parse/8.0.3:
    dependencies:
      ccount: 1.0.5
      collapse-white-space: 1.0.6
      is-alphabetical: 1.0.4
      is-decimal: 1.0.4
      is-whitespace-character: 1.0.4
      is-word-character: 1.0.4
      markdown-escapes: 1.0.4
      parse-entities: 2.0.0
      repeat-string: 1.6.1
      state-toggle: 1.0.3
      trim: 0.0.1
      trim-trailing-lines: 1.1.3
      unherit: 1.1.3
      unist-util-remove-position: 2.0.1
      vfile-location: 3.1.0
      xtend: 4.0.2
    dev: false
    resolution:
      integrity: sha512-E1K9+QLGgggHxCQtLt++uXltxEprmWzNfg+MxpfHsZlrddKzZ/hZyWHDbK3/Ap8HJQqYJRXP+jHczdL6q6i85Q==
  /remark-rehype/7.0.0:
    dependencies:
      mdast-util-to-hast: 9.1.1
    dev: false
    resolution:
      integrity: sha512-uqQ/VbaTdxyu/da6npHAso6hA00cMqhA3a59RziQdOLN2KEIkPykAVy52IcmZEVTuauXO0VtpxkyCey4phtHzQ==
  /repeat-string/1.6.1:
    dev: false
    engines:
      node: '>=0.10'
    resolution:
      integrity: sha1-jcrkcOHIirwtYA//Sndihtp15jc=
  /replace-ext/1.0.0:
    dev: false
    engines:
      node: '>= 0.10'
    resolution:
      integrity: sha1-3mMSg3P8v3w8z6TeWkgMRaZ5WOs=
  /require-relative/0.8.7:
    dev: true
    resolution:
      integrity: sha1-eZlTn8ngR6N5KPoZb44VY9q9Nt4=
  /resolve-from/3.0.0:
    dev: true
    engines:
      node: '>=4'
    resolution:
      integrity: sha1-six699nWiBvItuZTM17rywoYh0g=
  /resolve/1.17.0:
    dependencies:
      path-parse: 1.0.6
    dev: true
    resolution:
      integrity: sha512-ic+7JYiV8Vi2yzQGFWOkiZD5Z9z7O2Zhm9XMaTxdJExKasieFCr+yXZ/WmXsckHiKl12ar0y6XiXDx3m4RHn1w==
  /reusify/1.0.4:
    dev: false
    engines:
      iojs: '>=1.0.0'
      node: '>=0.10.0'
    resolution:
      integrity: sha512-U9nH88a3fc/ekCF1l0/UP1IosiuIjyTh7hBvXVMHYgVcfGvt897Xguj2UOLDeI5BG2m7/uwyaLVT6fbtCwTyzw==
  /rollup-dependency-tree/0.0.10:
    dev: true
    resolution:
      integrity: sha512-xgnV7DomkPLkQDFzfa5b3JW3kLQrrY8QiI4qbz/4uBk8NPj5sTjI12xQbEIzzvrLvhUSk/3WBscSVYHkgDxmvA==
  /rollup-plugin-esbuild/2.5.0_esbuild@0.6.29+rollup@2.26.9:
    dependencies:
      '@rollup/pluginutils': 3.1.0_rollup@2.26.9
      esbuild: 0.6.29
      joycon: 2.2.5
      strip-json-comments: 3.1.1
    dev: true
    engines:
      node: '>=12'
    peerDependencies:
      esbuild: ^0.6.0
      rollup: '*'
    resolution:
      integrity: sha512-Tfi8Zynux67j4h4xEp/OvP2EDrKk/nM9Eghe1sT2+Nw4s6ei9vsqO1ajU+Y8EFfizMk3KEfYCicBKX6QLTW33w==
  /rollup-plugin-svelte/5.2.3_rollup@2.26.9+svelte@3.24.1:
    dependencies:
      require-relative: 0.8.7
      rollup: 2.26.9
      rollup-pluginutils: 2.8.2
      sourcemap-codec: 1.4.8
      svelte: 3.24.1
    dev: true
    peerDependencies:
      rollup: '>=0.60.0'
      svelte: '*'
    resolution:
      integrity: sha512-513vOht9A93OV7fvmpIq8mD1JFgTZ5LidmpULKM2Od9P1l8oI5KwvO32fwCnASuVJS1EkRfvCnS7vKQ8DF4srg==
  /rollup-plugin-terser/7.0.1_rollup@2.26.9:
    dependencies:
      '@babel/code-frame': 7.10.4
      jest-worker: 26.3.0
      rollup: 2.26.9
      serialize-javascript: 4.0.0
      terser: 5.2.1
    dev: true
    peerDependencies:
      rollup: ^2.0.0
    resolution:
      integrity: sha512-HL0dgzSxBYG/Ly9i/E5Sc+PuKKZ0zBzk11VmLCfdUtpqH4yYqkLclPkTqRy85FU9246yetImOClaQ/ufnj08vg==
  /rollup-pluginutils/2.8.2:
    dependencies:
      estree-walker: 0.6.1
    dev: true
    resolution:
      integrity: sha512-EEp9NhnUkwY8aif6bxgovPHMoMoNr2FulJziTndpt5H9RdwC47GSGuII9XxpSdzVGM0GWrNPHV6ie1LTNJPaLQ==
  /rollup/2.26.9:
    dev: true
    engines:
      node: '>=10.0.0'
    hasBin: true
    optionalDependencies:
      fsevents: 2.1.3
    resolution:
      integrity: sha512-XIiWYLayLqV+oY4S2Lub/shJq4uk/QQLwWToYCL4LjZbYHbFK3czea4UDVRUJu+zNmKmxq5Zb/OG7c5HSvH2TQ==
  /run-parallel/1.1.9:
    dev: false
    resolution:
      integrity: sha512-DEqnSRTDw/Tc3FXf49zedI638Z9onwUotBMiUFKmrO2sdFKIbXamXGQ3Axd4qgphxKB4kw/qP1w5kTxnfU1B9Q==
  /safe-buffer/5.1.2:
    dev: false
    resolution:
      integrity: sha512-Gd2UZBJDkXlY7GbJxfsE8/nvKkUEU1G38c1siN6QP6a9PT9MmHB8GnpscSmMJSoF8LOIrt8ud/wPtojys4G6+g==
  /safe-buffer/5.2.1:
    dev: true
    resolution:
      integrity: sha512-rp3So07KcdmmKbGvgaNxQSJr7bGVSVk5S9Eq1F+ppbRo70+YeaDxkw5Dd8NPN+GD6bjnYm2VuPuCXmpuYvmCXQ==
  /sapper/0.28.3_svelte@3.24.1:
    dependencies:
      html-minifier: 4.0.0
      http-link-header: 1.0.2
      rollup-dependency-tree: 0.0.10
      shimport: 1.0.1
      source-map: 0.6.1
      sourcemap-codec: 1.4.8
      string-hash: 1.1.3
      svelte: 3.24.1
    dev: true
    hasBin: true
    peerDependencies:
      svelte: ^3.17.3
    resolution:
      integrity: sha512-4hQv6ApLWbYy8OPy3f9Pdxsu8eHivIFh+VAb5UZMY811aTPb20SudxZAMpdJaNYwgR3rHqRDCRllfO134XT6Nw==
  /section-matter/1.0.0:
    dependencies:
      extend-shallow: 2.0.1
      kind-of: 6.0.3
    dev: false
    engines:
      node: '>=4'
    resolution:
      integrity: sha512-vfD3pmTzGpufjScBh50YHKzEu2lxBWhVEHsNGoEXmCmn2hKGfeNLYMzCJpe8cD7gqX7TJluOVpBkAequ6dgMmA==
  /select/1.1.2:
    dev: false
    optional: true
    resolution:
      integrity: sha1-DnNQrN7ICxEIUoeG7B1EGNEbOW0=
  /serialize-javascript/4.0.0:
    dependencies:
      randombytes: 2.1.0
    dev: true
    resolution:
      integrity: sha512-GaNA54380uFefWghODBWEGisLZFj00nS5ACs6yHa9nLqlLpVLO8ChDGeKRjZnV4Nh4n0Qi7nhYZD/9fCPzEqkw==
  /shimport/1.0.1:
    dev: true
    resolution:
      integrity: sha512-Imf4gH+8WQmT1GvxS/x79qpmfnE6m50hyN1ucatX+7oMCgmaF8obZWCPIzSUe6+P+YmXM46lkP2pxiV2/lt9Og==
  /sirv/1.0.6:
    dependencies:
      '@polka/url': 1.0.0-next.11
      mime: 2.4.6
      totalist: 1.1.0
    dev: false
    engines:
      node: '>= 10'
    resolution:
      integrity: sha512-LRGu7Op4Xl9hhigOy2kcB53zAYTjNDdpooey49dIU0cMdpOv9ithVf7nstk3jvs8EhMiT/VORoyazZYGgw4vnA==
  /slash/3.0.0:
    dev: true
    engines:
      node: '>=8'
    resolution:
      integrity: sha512-g9Q1haeby36OSStwb4ntCGGGaKsaVSjQ68fBxoQcutl5fS1vuY18H3wSt3jFyFtrkx+Kz0V1G85A4MyAdDMi2Q==
  /source-map-support/0.5.19:
    dependencies:
      buffer-from: 1.1.1
      source-map: 0.6.1
    dev: true
    resolution:
      integrity: sha512-Wonm7zOCIJzBGQdB+thsPar0kYuCIzYvxZwlBa87yi/Mdjv7Tip2cyVbLj5o0cFPN4EVkuTwb3GDDyUx2DGnGw==
  /source-map/0.6.1:
    dev: true
    engines:
      node: '>=0.10.0'
    resolution:
      integrity: sha512-UjgapumWlbMhkBgzT7Ykc5YXUT46F0iKu8SGXq0bcwP5dz/h0Plj6enJqjz1Zbq2l5WaqYnrVbwWOWMyF3F47g==
  /sourcemap-codec/1.4.8:
    dev: true
    resolution:
      integrity: sha512-9NykojV5Uih4lgo5So5dtw+f0JgJX30KCNI8gwhz2J9A15wD0Ml6tjHKwf6fTSa6fAdVBdZeNOs9eJ71qCk8vA==
  /space-separated-tokens/1.1.5:
    dev: false
    resolution:
      integrity: sha512-q/JSVd1Lptzhf5bkYm4ob4iWPjx0KiRe3sRFBNrVqbJkFaBm5vbbowy1mymoPNLRa52+oadOhJ+K49wsSeSjTA==
  /sprintf-js/1.0.3:
    resolution:
      integrity: sha1-BOaSb2YolTVPPdAVIDYzuFcpfiw=
  /state-toggle/1.0.3:
    dev: false
    resolution:
      integrity: sha512-d/5Z4/2iiCnHw6Xzghyhb+GcmF89bxwgXG60wjIiZaxnymbyOmI8Hk4VqHXiVVp6u2ysaskFfXg3ekCj4WNftQ==
  /stdopt/2.2.0:
    dependencies:
      is-arrayish: 0.3.2
    dev: false
    resolution:
      integrity: sha512-D/p41NgXOkcj1SeGhfXOwv9z1K6EV3sjAUY5aeepVbgEHv7DpKWLTjhjScyzMWAQCAgUQys1mjH0eArm4cjRGw==
  /string-hash/1.1.3:
    dev: true
    resolution:
      integrity: sha1-6Kr8CsGFW0Zmkp7X3RJ1311sgRs=
  /stringify-entities/3.0.1:
    dependencies:
      character-entities-html4: 1.1.4
      character-entities-legacy: 1.1.4
      is-alphanumerical: 1.0.4
      is-decimal: 1.0.4
      is-hexadecimal: 1.0.4
    dev: false
    resolution:
      integrity: sha512-Lsk3ISA2++eJYqBMPKcr/8eby1I6L0gP0NlxF8Zja6c05yr/yCYyb2c9PwXjd08Ib3If1vn1rbs1H5ZtVuOfvQ==
  /strip-bom-string/1.0.0:
    dev: false
    engines:
      node: '>=0.10.0'
    resolution:
      integrity: sha1-5SEekiQ2n7uB1jOi8ABE3IztrZI=
  /strip-json-comments/3.1.1:
    dev: true
    engines:
      node: '>=8'
    resolution:
      integrity: sha512-6fPc+R4ihwqP6N/aIv2f1gMH8lOVtWQHoqC4yK6oSDVVocumAsfCqjkXnqiYMhmMwS/mEHLp7Vehlt3ql6lEig==
  /supports-color/5.5.0:
    dependencies:
      has-flag: 3.0.0
    dev: true
    engines:
      node: '>=4'
    resolution:
      integrity: sha512-QjVjwdXIt408MIiAqCX4oUKsgU2EqAGzs2Ppkm4aQYbjm+ZEWEcW4SfFNTr4uMNZma0ey4f5lgLrkB0aX0QMow==
  /supports-color/6.1.0:
    dependencies:
      has-flag: 3.0.0
    dev: true
    engines:
      node: '>=6'
    resolution:
      integrity: sha512-qe1jfm1Mg7Nq/NSh6XE24gPXROEVsWHxC1LIx//XNlD9iw7YZQGjZNjYN7xGaEG6iKdA8EtNFW6R0gjnVXp+wQ==
  /supports-color/7.2.0:
    dependencies:
      has-flag: 4.0.0
    dev: true
    engines:
      node: '>=8'
    resolution:
      integrity: sha512-qpCAvRl9stuOHveKsn7HncJRvv501qIacKzQlO/+Lwxc9+0q2wLyv4Dfvt80/DPn2pqOBsJdDiogXGR9+OvwRw==
  /svelte/3.24.1:
    dev: true
    engines:
      node: '>= 8'
    resolution:
      integrity: sha512-OX/IBVUJSFo1rnznXdwf9rv6LReJ3qQ0PwRjj76vfUWyTfbHbR9OXqJBnUrpjyis2dwYcbT2Zm1DFjOOF1ZbbQ==
  /terser/5.2.1:
    dependencies:
      commander: 2.20.3
      source-map: 0.6.1
      source-map-support: 0.5.19
    dev: true
    engines:
      node: '>=6.0.0'
    hasBin: true
    resolution:
      integrity: sha512-/AOtjRtAMNGO0fIF6m8HfcvXTw/2AKpsOzDn36tA5RfhRdeXyb4RvHxJ5Pah7iL6dFkLk+gOnCaNHGwJPl6TrQ==
  /tiny-emitter/2.1.0:
    dev: false
    optional: true
    resolution:
      integrity: sha512-NB6Dk1A9xgQPMoGqC5CVXn123gWyte215ONT5Pp5a0yt4nlEoO1ZWeCwpncaekPHXO60i47ihFnZPiRPjRMq4Q==
  /to-regex-range/5.0.1:
    dependencies:
      is-number: 7.0.0
    dev: false
    engines:
      node: '>=8.0'
    resolution:
      integrity: sha512-65P7iz6X5yEr1cwcgvQxbbIw7Uk3gOy5dIdtZ4rDveLqhrdJP+Li/Hx6tyK0NEb+2GCyneCMJiGqrADCSNk8sQ==
  /totalist/1.1.0:
    dev: false
    engines:
      node: '>=6'
    resolution:
      integrity: sha512-gduQwd1rOdDMGxFG1gEvhV88Oirdo2p+KjoYFU7k2g+i7n6AFFbDQ5kMPUsW0pNbfQsB/cwXvT1i4Bue0s9g5g==
  /trim-trailing-lines/1.1.3:
    dev: false
    resolution:
      integrity: sha512-4ku0mmjXifQcTVfYDfR5lpgV7zVqPg6zV9rdZmwOPqq0+Zq19xDqEgagqVbc4pOOShbncuAOIs59R3+3gcF3ZA==
  /trim/0.0.1:
    dev: false
    resolution:
      integrity: sha1-WFhUf2spB1fulczMZm+1AITEYN0=
  /trough/1.0.5:
    dev: false
    resolution:
      integrity: sha512-rvuRbTarPXmMb79SmzEp8aqXNKcK+y0XaB298IXueQ8I2PsrATcPBCSPyK/dDNa2iWOhKlfNnOjdAOTBU/nkFA==
  /trouter/2.0.1:
    dependencies:
      matchit: 1.0.8
    dev: false
    engines:
      node: '>=6'
    resolution:
      integrity: sha512-kr8SKKw94OI+xTGOkfsvwZQ8mWoikZDd2n8XZHjJVZUARZT+4/VV6cacRS6CLsH9bNm+HFIPU1Zx4CnNnb4qlQ==
  /uglify-js/3.10.3:
    dev: true
    engines:
      node: '>=0.8.0'
    hasBin: true
    resolution:
      integrity: sha512-Lh00i69Uf6G74mvYpHCI9KVVXLcHW/xu79YTvH7Mkc9zyKUeSPz0owW0dguj0Scavns3ZOh3wY63J0Zb97Za2g==
  /unherit/1.1.3:
    dependencies:
      inherits: 2.0.4
      xtend: 4.0.2
    dev: false
    resolution:
      integrity: sha512-Ft16BJcnapDKp0+J/rqFC3Rrk6Y/Ng4nzsC028k2jdDII/rdZ7Wd3pPT/6+vIIxRagwRc9K0IUX0Ra4fKvw+WQ==
  /unified/9.2.0:
    dependencies:
      bail: 1.0.5
      extend: 3.0.2
      is-buffer: 2.0.4
      is-plain-obj: 2.1.0
      trough: 1.0.5
      vfile: 4.2.0
    dev: false
    resolution:
      integrity: sha512-vx2Z0vY+a3YoTj8+pttM3tiJHCwY5UFbYdiWrwBEbHmK8pvsPj2rtAX2BFfgXen8T39CJWblWRDT4L5WGXtDdg==
  /unist-builder/2.0.3:
    dev: false
    resolution:
      integrity: sha512-f98yt5pnlMWlzP539tPc4grGMsFaQQlP/vM396b00jngsiINumNmsY8rkXjfoi1c6QaM8nQ3vaGDuoKWbe/1Uw==
  /unist-util-generated/1.1.5:
    dev: false
    resolution:
      integrity: sha512-1TC+NxQa4N9pNdayCYA1EGUOCAO0Le3fVp7Jzns6lnua/mYgwHo0tz5WUAfrdpNch1RZLHc61VZ1SDgrtNXLSw==
  /unist-util-is/3.0.0:
    dev: false
    resolution:
      integrity: sha512-sVZZX3+kspVNmLWBPAB6r+7D9ZgAFPNWm66f7YNb420RlQSbn+n8rG8dGZSkrER7ZIXGQYNm5pqC3v3HopH24A==
  /unist-util-is/4.0.2:
    dev: false
    resolution:
      integrity: sha512-Ofx8uf6haexJwI1gxWMGg6I/dLnF2yE+KibhD3/diOqY2TinLcqHXCV6OI5gFVn3xQqDH+u0M625pfKwIwgBKQ==
  /unist-util-position/3.1.0:
    dev: false
    resolution:
      integrity: sha512-w+PkwCbYSFw8vpgWD0v7zRCl1FpY3fjDSQ3/N/wNd9Ffa4gPi8+4keqt99N3XW6F99t/mUzp2xAhNmfKWp95QA==
  /unist-util-remove-position/2.0.1:
    dependencies:
      unist-util-visit: 2.0.3
    dev: false
    resolution:
      integrity: sha512-fDZsLYIe2uT+oGFnuZmy73K6ZxOPG/Qcm+w7jbEjaFcJgbQ6cqjs/eSPzXhsmGpAsWPkqZM9pYjww5QTn3LHMA==
  /unist-util-stringify-position/2.0.3:
    dependencies:
      '@types/unist': 2.0.3
    dev: false
    resolution:
      integrity: sha512-3faScn5I+hy9VleOq/qNbAd6pAx7iH5jYBMS9I1HgQVijz/4mv5Bvw5iw1sC/90CODiKo81G/ps8AJrISn687g==
  /unist-util-visit-parents/2.1.2:
    dependencies:
      unist-util-is: 3.0.0
    dev: false
    resolution:
      integrity: sha512-DyN5vD4NE3aSeB+PXYNKxzGsfocxp6asDc2XXE3b0ekO2BaRUpBicbbUygfSvYfUz1IkmjFR1YF7dPklraMZ2g==
  /unist-util-visit-parents/3.1.0:
    dependencies:
      '@types/unist': 2.0.3
      unist-util-is: 4.0.2
    dev: false
    resolution:
      integrity: sha512-0g4wbluTF93npyPrp/ymd3tCDTMnP0yo2akFD2FIBAYXq/Sga3lwaU1D8OYKbtpioaI6CkDcQ6fsMnmtzt7htw==
  /unist-util-visit/1.4.1:
    dependencies:
      unist-util-visit-parents: 2.1.2
    dev: false
    resolution:
      integrity: sha512-AvGNk7Bb//EmJZyhtRUnNMEpId/AZ5Ph/KUpTI09WHQuDZHKovQ1oEv3mfmKpWKtoMzyMC4GLBm1Zy5k12fjIw==
  /unist-util-visit/2.0.3:
    dependencies:
      '@types/unist': 2.0.3
      unist-util-is: 4.0.2
      unist-util-visit-parents: 3.1.0
    dev: false
    resolution:
      integrity: sha512-iJ4/RczbJMkD0712mGktuGpm/U4By4FfDonL7N/9tATGIF4imikjOuagyMY53tnZq3NP6BcmlrHhEKAfGWjh7Q==
  /upath/1.2.0:
    dev: false
    engines:
      node: '>=4'
    resolution:
      integrity: sha512-aZwGpamFO61g3OlfT7OQCHqhGnW43ieH9WZeP7QxN/G/jS4jfqUkZxoryvJgVPEcrl5NL/ggHsSmLMHuH64Lhg==
  /upper-case/1.1.3:
    dev: true
    resolution:
      integrity: sha1-9rRQHC7EzdJrp4vnIilh3ndiFZg=
  /vary/1.1.2:
    dev: false
    engines:
      node: '>= 0.8'
    resolution:
      integrity: sha1-IpnwLG3tMNSllhsLn3RSShj2NPw=
  /vfile-location/3.1.0:
    dev: false
    resolution:
      integrity: sha512-FCZ4AN9xMcjFIG1oGmZKo61PjwJHRVA+0/tPUP2ul4uIwjGGndIxavEMRpWn5p4xwm/ZsdXp9YNygf1ZyE4x8g==
  /vfile-message/2.0.4:
    dependencies:
      '@types/unist': 2.0.3
      unist-util-stringify-position: 2.0.3
    dev: false
    resolution:
      integrity: sha512-DjssxRGkMvifUOJre00juHoP9DPWuzjxKuMDrhNbk2TdaYYBNMStsNhEOt3idrtI12VQYM/1+iM0KOzXi4pxwQ==
  /vfile/4.2.0:
    dependencies:
      '@types/unist': 2.0.3
      is-buffer: 2.0.4
      replace-ext: 1.0.0
      unist-util-stringify-position: 2.0.3
      vfile-message: 2.0.4
    dev: false
    resolution:
      integrity: sha512-a/alcwCvtuc8OX92rqqo7PflxiCgXRFjdyoGVuYV+qbgCb0GgZJRvIgCD4+U/Kl1yhaRsaTwksF88xbPyGsgpw==
  /wrappy/1.0.2:
    dev: true
    resolution:
      integrity: sha1-tSQ9jz7BqjXxNkYFvA0QNuMKtp8=
  /xtend/4.0.2:
    dev: false
    engines:
      node: '>=0.4'
    resolution:
      integrity: sha512-LKYU1iAXJXUgAXn9URjiu+MWhyUXHsvfp7mcuYm9dSUKK0/CjtrUwFAxD82/mCWbtLsGjFIad0wIsod4zrTAEQ==
